
Microsoft Visual Studio Solution File, Format Version 12.00
# Visual Studio Version 17
VisualStudioVersion = 17.1.32414.318
MinimumVisualStudioVersion = 10.0.40219.1
Project("{FAE04EC0-301F-11D3-BF4B-00C04F79EFBC}") = "Wiki-Project", "Wiki-Project.csproj", "{D4CEE21B-15EB-41E1-990A-9BCB82A7CD90}"
EndProject
Global
	GlobalSection(SolutionConfigurationPlatforms) = preSolution
		Debug|Any CPU = Debug|Any CPU
		Release|Any CPU = Release|Any CPU
	EndGlobalSection
	GlobalSection(ProjectConfigurationPlatforms) = postSolution
		{D4CEE21B-15EB-41E1-990A-9BCB82A7CD90}.Debug|Any CPU.ActiveCfg = Debug|Any CPU
		{D4CEE21B-15EB-41E1-990A-9BCB82A7CD90}.Debug|Any CPU.Build.0 = Debug|Any CPU
		{D4CEE21B-15EB-41E1-990A-9BCB82A7CD90}.Release|Any CPU.ActiveCfg = Release|Any CPU
		{D4CEE21B-15EB-41E1-990A-9BCB82A7CD90}.Release|Any CPU.Build.0 = Release|Any CPU
	EndGlobalSection
	GlobalSection(SolutionProperties) = preSolution
		HideSolutionNode = FALSE
	EndGlobalSection
	GlobalSection(ExtensibilityGlobals) = postSolution
		SolutionGuid = {B25EA4B1-983D-4A2A-9076-86637E45A303}
	EndGlobalSection
EndGlobal
