
Microsoft Visual Studio Solution File, Format Version 12.00
# Visual Studio Version 17
VisualStudioVersion = 17.2.32616.157
MinimumVisualStudioVersion = 10.0.40219.1
Project("{FAE04EC0-301F-11D3-BF4B-00C04F79EFBC}") = "WikiProjectv2", "WikiProject\WikiProjectv2.csproj", "{38BAC34D-8D16-4C50-B27E-2FE3FED9370B}"
EndProject
Global
	GlobalSection(SolutionConfigurationPlatforms) = preSolution
		Debug|Any CPU = Debug|Any CPU
		Release|Any CPU = Release|Any CPU
	EndGlobalSection
	GlobalSection(ProjectConfigurationPlatforms) = postSolution
		{38BAC34D-8D16-4C50-B27E-2FE3FED9370B}.Debug|Any CPU.ActiveCfg = Debug|Any CPU
		{38BAC34D-8D16-4C50-B27E-2FE3FED9370B}.Debug|Any CPU.Build.0 = Debug|Any CPU
		{38BAC34D-8D16-4C50-B27E-2FE3FED9370B}.Release|Any CPU.ActiveCfg = Release|Any CPU
		{38BAC34D-8D16-4C50-B27E-2FE3FED9370B}.Release|Any CPU.Build.0 = Release|Any CPU
	EndGlobalSection
	GlobalSection(SolutionProperties) = preSolution
		HideSolutionNode = FALSE
	EndGlobalSection
	GlobalSection(ExtensibilityGlobals) = postSolution
		SolutionGuid = {A73384EE-4FD5-4353-9328-D6050455B276}
	EndGlobalSection
EndGlobal
